
Microsoft Visual Studio Solution File, Format Version 12.00
# Visual Studio Version 17
VisualStudioVersion = 17.4.33205.214
MinimumVisualStudioVersion = 10.0.40219.1
Project("{FAE04EC0-301F-11D3-BF4B-00C04F79EFBC}") = "UC-2_Find Frequency in Paragraph", "UC-2_Find Frequency in Paragraph.csproj", "{8AEFC1CF-13DE-4EC4-AD38-EDD1781E2BD9}"
EndProject
Global
	GlobalSection(SolutionConfigurationPlatforms) = preSolution
		Debug|Any CPU = Debug|Any CPU
		Release|Any CPU = Release|Any CPU
	EndGlobalSection
	GlobalSection(ProjectConfigurationPlatforms) = postSolution
		{8AEFC1CF-13DE-4EC4-AD38-EDD1781E2BD9}.Debug|Any CPU.ActiveCfg = Debug|Any CPU
		{8AEFC1CF-13DE-4EC4-AD38-EDD1781E2BD9}.Debug|Any CPU.Build.0 = Debug|Any CPU
		{8AEFC1CF-13DE-4EC4-AD38-EDD1781E2BD9}.Release|Any CPU.ActiveCfg = Release|Any CPU
		{8AEFC1CF-13DE-4EC4-AD38-EDD1781E2BD9}.Release|Any CPU.Build.0 = Release|Any CPU
	EndGlobalSection
	GlobalSection(SolutionProperties) = preSolution
		HideSolutionNode = FALSE
	EndGlobalSection
	GlobalSection(ExtensibilityGlobals) = postSolution
		SolutionGuid = {F1AAD8E4-92D7-46BF-B8C0-0C1168CF65C3}
	EndGlobalSection
EndGlobal
